// !$*UTF8*$!
{
	archiveVersion = 1;
	classes = {
	};
	objectVersion = 45;
	objects = {

/* Begin PBXBuildFile section */
		1DDD58160DA1D0A300B32029 /* MainMenu.xib in Resources */ = {isa = PBXBuildFile; fileRef = 1DDD58140DA1D0A300B32029 /* MainMenu.xib */; };
		3A004E69115AF13800906875 /* ScriptingBridge.framework in Frameworks */ = {isa = PBXBuildFile; fileRef = 3A004E68115AF13800906875 /* ScriptingBridge.framework */; };
		3A041A86115B09A900B2D20F /* OmniAppKit.framework in Frameworks */ = {isa = PBXBuildFile; fileRef = 3A041A85115B09A900B2D20F /* OmniAppKit.framework */; };
		3A041A8A115B09B500B2D20F /* OmniBase.framework in Frameworks */ = {isa = PBXBuildFile; fileRef = 3A041A89115B09B500B2D20F /* OmniBase.framework */; };
		3A041A8F115B09C500B2D20F /* OmniFoundation.framework in Frameworks */ = {isa = PBXBuildFile; fileRef = 3A041A8E115B09C500B2D20F /* OmniFoundation.framework */; };
		3A041A92115B09D400B2D20F /* OmniAppKit.framework in CopyFiles */ = {isa = PBXBuildFile; fileRef = 3A041A85115B09A900B2D20F /* OmniAppKit.framework */; };
		3A041A93115B09D400B2D20F /* OmniBase.framework in CopyFiles */ = {isa = PBXBuildFile; fileRef = 3A041A89115B09B500B2D20F /* OmniBase.framework */; };
		3A041A94115B09D400B2D20F /* OmniFoundation.framework in CopyFiles */ = {isa = PBXBuildFile; fileRef = 3A041A8E115B09C500B2D20F /* OmniFoundation.framework */; };
		3A041C1F115B0C6A00B2D20F /* Sparkle.framework in Frameworks */ = {isa = PBXBuildFile; fileRef = 3A041C1E115B0C6A00B2D20F /* Sparkle.framework */; };
		3A041C23115B0CC900B2D20F /* Sparkle.framework in CopyFiles */ = {isa = PBXBuildFile; fileRef = 3A041C1E115B0C6A00B2D20F /* Sparkle.framework */; };
		3A2E0F9B114DD9C50050E16D /* BGHUDAppKit.framework in CopyFiles */ = {isa = PBXBuildFile; fileRef = 3A2E0EBD114DD93E0050E16D /* BGHUDAppKit.framework */; };
		3A2E0FD3114DDAF80050E16D /* BGHUDAppKit.framework in Frameworks */ = {isa = PBXBuildFile; fileRef = 3A2E0EBD114DD93E0050E16D /* BGHUDAppKit.framework */; };
		3A3134F8114D89960046D05E /* libz.1.2.3.dylib in Frameworks */ = {isa = PBXBuildFile; fileRef = 3A3134F7114D89960046D05E /* libz.1.2.3.dylib */; };
		3A3134FA114D89A90046D05E /* CoreServices.framework in Frameworks */ = {isa = PBXBuildFile; fileRef = 3A3134F9114D89A90046D05E /* CoreServices.framework */; };
		3A3134FF114D89BB0046D05E /* SystemConfiguration.framework in Frameworks */ = {isa = PBXBuildFile; fileRef = 3A3134FE114D89BB0046D05E /* SystemConfiguration.framework */; };
		3A31350F114D89E10046D05E /* ASIFormDataRequest.m in Sources */ = {isa = PBXBuildFile; fileRef = 3A313505114D89E10046D05E /* ASIFormDataRequest.m */; };
		3A313510114D89E10046D05E /* ASIHTTPRequest.m in Sources */ = {isa = PBXBuildFile; fileRef = 3A313507114D89E10046D05E /* ASIHTTPRequest.m */; };
		3A313511114D89E10046D05E /* ASIInputStream.m in Sources */ = {isa = PBXBuildFile; fileRef = 3A31350A114D89E10046D05E /* ASIInputStream.m */; };
		3A313512114D89E10046D05E /* ASINetworkQueue.m in Sources */ = {isa = PBXBuildFile; fileRef = 3A31350C114D89E10046D05E /* ASINetworkQueue.m */; };
		3A313513114D89E10046D05E /* ASINSStringAdditions.m in Sources */ = {isa = PBXBuildFile; fileRef = 3A31350E114D89E10046D05E /* ASINSStringAdditions.m */; };
		3A4D7E8C115C304B005266C2 /* login.tiff in Resources */ = {isa = PBXBuildFile; fileRef = 3A4D7E8B115C304B005266C2 /* login.tiff */; };
		3A6DAA53115B066300695124 /* Melative_ExampleAppDelegate.m in Sources */ = {isa = PBXBuildFile; fileRef = 3A6DAA51115B066300695124 /* Melative_ExampleAppDelegate.m */; };
		3A7A6F58115C1DD700699FAB /* MBPreferencesController.m in Sources */ = {isa = PBXBuildFile; fileRef = 3A7A6F56115C1DD700699FAB /* MBPreferencesController.m */; };
		3A7A6F5D115C1DE600699FAB /* Updates.m in Sources */ = {isa = PBXBuildFile; fileRef = 3A7A6F5C115C1DE600699FAB /* Updates.m */; };
		3A7A6F61115C1DF100699FAB /* Login.m in Sources */ = {isa = PBXBuildFile; fileRef = 3A7A6F60115C1DF100699FAB /* Login.m */; };
		3A7A6F68115C1EA800699FAB /* PreferenceController.m in Sources */ = {isa = PBXBuildFile; fileRef = 3A7A6F67115C1EA800699FAB /* PreferenceController.m */; };
		3A7A6F77115C1F0B00699FAB /* Updates.xib in Resources */ = {isa = PBXBuildFile; fileRef = 3A7A6F76115C1F0B00699FAB /* Updates.xib */; };
		3A7A6F7B115C1F1300699FAB /* Login.xib in Resources */ = {isa = PBXBuildFile; fileRef = 3A7A6F7A115C1F1300699FAB /* Login.xib */; };
		3A7A70B2115C289C00699FAB /* EMKeychainItem.m in Sources */ = {isa = PBXBuildFile; fileRef = 3A7A70B1115C289C00699FAB /* EMKeychainItem.m */; };
		3A7A7110115C2BF100699FAB /* Carbon.framework in Frameworks */ = {isa = PBXBuildFile; fileRef = 3A7A710F115C2BF100699FAB /* Carbon.framework */; };
		3A7A7115115C2C0000699FAB /* Security.framework in Frameworks */ = {isa = PBXBuildFile; fileRef = 3A7A7114115C2C0000699FAB /* Security.framework */; };
		3A9D1E4E115C0043008F7EF1 /* Preferences.xib in Resources */ = {isa = PBXBuildFile; fileRef = 3A9D1E4D115C0043008F7EF1 /* Preferences.xib */; };
		3A9D1FA6115C152F008F7EF1 /* Updates.tiff in Resources */ = {isa = PBXBuildFile; fileRef = 3A9D1FA4115C152F008F7EF1 /* Updates.tiff */; };
		3AEAC2C2115AD3D500286BE4 /* Melative.m in Sources */ = {isa = PBXBuildFile; fileRef = 3AEAC2C1115AD3D500286BE4 /* Melative.m */; };
		8D11072B0486CEB800E47090 /* InfoPlist.strings in Resources */ = {isa = PBXBuildFile; fileRef = 089C165CFE840E0CC02AAC07 /* InfoPlist.strings */; };
		8D11072D0486CEB800E47090 /* main.m in Sources */ = {isa = PBXBuildFile; fileRef = 29B97316FDCFA39411CA2CEA /* main.m */; settings = {ATTRIBUTES = (); }; };
		8D11072F0486CEB800E47090 /* Cocoa.framework in Frameworks */ = {isa = PBXBuildFile; fileRef = 1058C7A1FEA54F0111CA2CBB /* Cocoa.framework */; };
/* End PBXBuildFile section */

/* Begin PBXCopyFilesBuildPhase section */
		3A2E0FC0114DD9D00050E16D /* CopyFiles */ = {
			isa = PBXCopyFilesBuildPhase;
			buildActionMask = 2147483647;
			dstPath = "";
			dstSubfolderSpec = 10;
			files = (
				3A041C23115B0CC900B2D20F /* Sparkle.framework in CopyFiles */,
				3A041A92115B09D400B2D20F /* OmniAppKit.framework in CopyFiles */,
				3A041A93115B09D400B2D20F /* OmniBase.framework in CopyFiles */,
				3A041A94115B09D400B2D20F /* OmniFoundation.framework in CopyFiles */,
				3A2E0F9B114DD9C50050E16D /* BGHUDAppKit.framework in CopyFiles */,
			);
			runOnlyForDeploymentPostprocessing = 0;
		};
/* End PBXCopyFilesBuildPhase section */

/* Begin PBXFileReference section */
		089C165DFE840E0CC02AAC07 /* English */ = {isa = PBXFileReference; fileEncoding = 4; lastKnownFileType = text.plist.strings; name = English; path = English.lproj/InfoPlist.strings; sourceTree = "<group>"; };
		1058C7A1FEA54F0111CA2CBB /* Cocoa.framework */ = {isa = PBXFileReference; lastKnownFileType = wrapper.framework; name = Cocoa.framework; path = /System/Library/Frameworks/Cocoa.framework; sourceTree = "<absolute>"; };
		13E42FB307B3F0F600E4EEF1 /* CoreData.framework */ = {isa = PBXFileReference; lastKnownFileType = wrapper.framework; name = CoreData.framework; path = /System/Library/Frameworks/CoreData.framework; sourceTree = "<absolute>"; };
		1DDD58150DA1D0A300B32029 /* English */ = {isa = PBXFileReference; lastKnownFileType = file.xib; name = English; path = English.lproj/MainMenu.xib; sourceTree = "<group>"; };
		29B97316FDCFA39411CA2CEA /* main.m */ = {isa = PBXFileReference; fileEncoding = 4; lastKnownFileType = sourcecode.c.objc; path = main.m; sourceTree = "<group>"; };
		29B97324FDCFA39411CA2CEA /* AppKit.framework */ = {isa = PBXFileReference; lastKnownFileType = wrapper.framework; name = AppKit.framework; path = /System/Library/Frameworks/AppKit.framework; sourceTree = "<absolute>"; };
		29B97325FDCFA39411CA2CEA /* Foundation.framework */ = {isa = PBXFileReference; lastKnownFileType = wrapper.framework; name = Foundation.framework; path = /System/Library/Frameworks/Foundation.framework; sourceTree = "<absolute>"; };
		3A004E68115AF13800906875 /* ScriptingBridge.framework */ = {isa = PBXFileReference; lastKnownFileType = wrapper.framework; name = ScriptingBridge.framework; path = System/Library/Frameworks/ScriptingBridge.framework; sourceTree = SDKROOT; };
		3A004E6D115AF14800906875 /* iTunes.h */ = {isa = PBXFileReference; fileEncoding = 4; lastKnownFileType = sourcecode.c.h; path = iTunes.h; sourceTree = "<group>"; };
		3A041A85115B09A900B2D20F /* OmniAppKit.framework */ = {isa = PBXFileReference; lastKnownFileType = wrapper.framework; name = OmniAppKit.framework; path = /Users/Shared/tohnominagi/InstalledProducts/OmniAppKit.framework; sourceTree = "<absolute>"; };
		3A041A89115B09B500B2D20F /* OmniBase.framework */ = {isa = PBXFileReference; lastKnownFileType = wrapper.framework; name = OmniBase.framework; path = /Users/Shared/tohnominagi/InstalledProducts/OmniBase.framework; sourceTree = "<absolute>"; };
		3A041A8E115B09C500B2D20F /* OmniFoundation.framework */ = {isa = PBXFileReference; lastKnownFileType = wrapper.framework; name = OmniFoundation.framework; path = /Users/Shared/tohnominagi/InstalledProducts/OmniFoundation.framework; sourceTree = "<absolute>"; };
		3A041C1E115B0C6A00B2D20F /* Sparkle.framework */ = {isa = PBXFileReference; lastKnownFileType = wrapper.framework; name = Sparkle.framework; path = /Users/Shared/tohnominagi/InstalledProducts/Sparkle.framework; sourceTree = "<absolute>"; };
		3A2E0EBD114DD93E0050E16D /* BGHUDAppKit.framework */ = {isa = PBXFileReference; lastKnownFileType = wrapper.framework; path = BGHUDAppKit.framework; sourceTree = "<group>"; };
		3A3134F7114D89960046D05E /* libz.1.2.3.dylib */ = {isa = PBXFileReference; lastKnownFileType = "compiled.mach-o.dylib"; name = libz.1.2.3.dylib; path = usr/lib/libz.1.2.3.dylib; sourceTree = SDKROOT; };
		3A3134F9114D89A90046D05E /* CoreServices.framework */ = {isa = PBXFileReference; lastKnownFileType = wrapper.framework; name = CoreServices.framework; path = System/Library/Frameworks/CoreServices.framework; sourceTree = SDKROOT; };
		3A3134FE114D89BB0046D05E /* SystemConfiguration.framework */ = {isa = PBXFileReference; lastKnownFileType = wrapper.framework; name = SystemConfiguration.framework; path = System/Library/Frameworks/SystemConfiguration.framework; sourceTree = SDKROOT; };
		3A313504114D89E10046D05E /* ASIFormDataRequest.h */ = {isa = PBXFileReference; fileEncoding = 4; lastKnownFileType = sourcecode.c.h; path = ASIFormDataRequest.h; sourceTree = "<group>"; };
		3A313505114D89E10046D05E /* ASIFormDataRequest.m */ = {isa = PBXFileReference; fileEncoding = 4; lastKnownFileType = sourcecode.c.objc; path = ASIFormDataRequest.m; sourceTree = "<group>"; };
		3A313506114D89E10046D05E /* ASIHTTPRequest.h */ = {isa = PBXFileReference; fileEncoding = 4; lastKnownFileType = sourcecode.c.h; path = ASIHTTPRequest.h; sourceTree = "<group>"; };
		3A313507114D89E10046D05E /* ASIHTTPRequest.m */ = {isa = PBXFileReference; fileEncoding = 4; lastKnownFileType = sourcecode.c.objc; path = ASIHTTPRequest.m; sourceTree = "<group>"; };
		3A313508114D89E10046D05E /* ASIHTTPRequestConfig.h */ = {isa = PBXFileReference; fileEncoding = 4; lastKnownFileType = sourcecode.c.h; path = ASIHTTPRequestConfig.h; sourceTree = "<group>"; };
		3A313509114D89E10046D05E /* ASIInputStream.h */ = {isa = PBXFileReference; fileEncoding = 4; lastKnownFileType = sourcecode.c.h; path = ASIInputStream.h; sourceTree = "<group>"; };
		3A31350A114D89E10046D05E /* ASIInputStream.m */ = {isa = PBXFileReference; fileEncoding = 4; lastKnownFileType = sourcecode.c.objc; path = ASIInputStream.m; sourceTree = "<group>"; };
		3A31350B114D89E10046D05E /* ASINetworkQueue.h */ = {isa = PBXFileReference; fileEncoding = 4; lastKnownFileType = sourcecode.c.h; path = ASINetworkQueue.h; sourceTree = "<group>"; };
		3A31350C114D89E10046D05E /* ASINetworkQueue.m */ = {isa = PBXFileReference; fileEncoding = 4; lastKnownFileType = sourcecode.c.objc; path = ASINetworkQueue.m; sourceTree = "<group>"; };
		3A31350D114D89E10046D05E /* ASINSStringAdditions.h */ = {isa = PBXFileReference; fileEncoding = 4; lastKnownFileType = sourcecode.c.h; path = ASINSStringAdditions.h; sourceTree = "<group>"; };
		3A31350E114D89E10046D05E /* ASINSStringAdditions.m */ = {isa = PBXFileReference; fileEncoding = 4; lastKnownFileType = sourcecode.c.objc; path = ASINSStringAdditions.m; sourceTree = "<group>"; };
		3A4D7E8B115C304B005266C2 /* login.tiff */ = {isa = PBXFileReference; lastKnownFileType = image.tiff; path = login.tiff; sourceTree = "<group>"; };
		3A6DAA51115B066300695124 /* Melative_ExampleAppDelegate.m */ = {isa = PBXFileReference; fileEncoding = 4; lastKnownFileType = sourcecode.c.objc; path = Melative_ExampleAppDelegate.m; sourceTree = "<group>"; };
		3A6DAA52115B066300695124 /* Melative_ExampleAppDelegate.h */ = {isa = PBXFileReference; fileEncoding = 4; lastKnownFileType = sourcecode.c.h; path = Melative_ExampleAppDelegate.h; sourceTree = "<group>"; };
		3A7A6F56115C1DD700699FAB /* MBPreferencesController.m */ = {isa = PBXFileReference; fileEncoding = 4; lastKnownFileType = sourcecode.c.objc; path = MBPreferencesController.m; sourceTree = "<group>"; };
		3A7A6F57115C1DD700699FAB /* MBPreferencesController.h */ = {isa = PBXFileReference; fileEncoding = 4; lastKnownFileType = sourcecode.c.h; path = MBPreferencesController.h; sourceTree = "<group>"; };
		3A7A6F5B115C1DE600699FAB /* Updates.h */ = {isa = PBXFileReference; fileEncoding = 4; lastKnownFileType = sourcecode.c.h; path = Updates.h; sourceTree = "<group>"; };
		3A7A6F5C115C1DE600699FAB /* Updates.m */ = {isa = PBXFileReference; fileEncoding = 4; lastKnownFileType = sourcecode.c.objc; path = Updates.m; sourceTree = "<group>"; };
		3A7A6F5F115C1DF100699FAB /* Login.h */ = {isa = PBXFileReference; fileEncoding = 4; lastKnownFileType = sourcecode.c.h; path = Login.h; sourceTree = "<group>"; };
		3A7A6F60115C1DF100699FAB /* Login.m */ = {isa = PBXFileReference; fileEncoding = 4; lastKnownFileType = sourcecode.c.objc; path = Login.m; sourceTree = "<group>"; };
		3A7A6F66115C1EA800699FAB /* PreferenceController.h */ = {isa = PBXFileReference; fileEncoding = 4; lastKnownFileType = sourcecode.c.h; path = PreferenceController.h; sourceTree = "<group>"; };
		3A7A6F67115C1EA800699FAB /* PreferenceController.m */ = {isa = PBXFileReference; fileEncoding = 4; lastKnownFileType = sourcecode.c.objc; path = PreferenceController.m; sourceTree = "<group>"; };
		3A7A6F76115C1F0B00699FAB /* Updates.xib */ = {isa = PBXFileReference; lastKnownFileType = file.xib; path = Updates.xib; sourceTree = "<group>"; };
		3A7A6F7A115C1F1300699FAB /* Login.xib */ = {isa = PBXFileReference; lastKnownFileType = file.xib; path = Login.xib; sourceTree = "<group>"; };
		3A7A70B0115C289C00699FAB /* EMKeychainItem.h */ = {isa = PBXFileReference; fileEncoding = 4; lastKnownFileType = sourcecode.c.h; path = EMKeychainItem.h; sourceTree = "<group>"; };
		3A7A70B1115C289C00699FAB /* EMKeychainItem.m */ = {isa = PBXFileReference; fileEncoding = 4; lastKnownFileType = sourcecode.c.objc; path = EMKeychainItem.m; sourceTree = "<group>"; };
		3A7A710F115C2BF100699FAB /* Carbon.framework */ = {isa = PBXFileReference; lastKnownFileType = wrapper.framework; name = Carbon.framework; path = System/Library/Frameworks/Carbon.framework; sourceTree = SDKROOT; };
		3A7A7114115C2C0000699FAB /* Security.framework */ = {isa = PBXFileReference; lastKnownFileType = wrapper.framework; name = Security.framework; path = System/Library/Frameworks/Security.framework; sourceTree = SDKROOT; };
		3A9D1E4D115C0043008F7EF1 /* Preferences.xib */ = {isa = PBXFileReference; lastKnownFileType = file.xib; path = Preferences.xib; sourceTree = "<group>"; };
		3A9D1FA4115C152F008F7EF1 /* Updates.tiff */ = {isa = PBXFileReference; lastKnownFileType = image.tiff; path = Updates.tiff; sourceTree = "<group>"; };
		3AA5F936115AC84400DA616B /* Melative_Example_Prefix.pch */ = {isa = PBXFileReference; fileEncoding = 4; lastKnownFileType = sourcecode.c.h; path = Melative_Example_Prefix.pch; sourceTree = "<group>"; };
		3AEAC2C0115AD3D500286BE4 /* Melative.h */ = {isa = PBXFileReference; fileEncoding = 4; lastKnownFileType = sourcecode.c.h; path = Melative.h; sourceTree = "<group>"; };
		3AEAC2C1115AD3D500286BE4 /* Melative.m */ = {isa = PBXFileReference; fileEncoding = 4; lastKnownFileType = sourcecode.c.objc; path = Melative.m; sourceTree = "<group>"; };
		8D1107310486CEB800E47090 /* Melative_Example-Info.plist */ = {isa = PBXFileReference; fileEncoding = 4; lastKnownFileType = text.plist.xml; path = "Melative_Example-Info.plist"; sourceTree = "<group>"; };
		8D1107320486CEB800E47090 /* MelScrobbleX.app */ = {isa = PBXFileReference; explicitFileType = wrapper.application; includeInIndex = 0; path = MelScrobbleX.app; sourceTree = BUILT_PRODUCTS_DIR; };
/* End PBXFileReference section */

/* Begin PBXFrameworksBuildPhase section */
		8D11072E0486CEB800E47090 /* Frameworks */ = {
			isa = PBXFrameworksBuildPhase;
			buildActionMask = 2147483647;
			files = (
				8D11072F0486CEB800E47090 /* Cocoa.framework in Frameworks */,
				3A3134F8114D89960046D05E /* libz.1.2.3.dylib in Frameworks */,
				3A3134FA114D89A90046D05E /* CoreServices.framework in Frameworks */,
				3A3134FF114D89BB0046D05E /* SystemConfiguration.framework in Frameworks */,
				3A2E0FD3114DDAF80050E16D /* BGHUDAppKit.framework in Frameworks */,
				3A004E69115AF13800906875 /* ScriptingBridge.framework in Frameworks */,
				3A041A86115B09A900B2D20F /* OmniAppKit.framework in Frameworks */,
				3A041A8A115B09B500B2D20F /* OmniBase.framework in Frameworks */,
				3A041A8F115B09C500B2D20F /* OmniFoundation.framework in Frameworks */,
				3A041C1F115B0C6A00B2D20F /* Sparkle.framework in Frameworks */,
				3A7A7110115C2BF100699FAB /* Carbon.framework in Frameworks */,
				3A7A7115115C2C0000699FAB /* Security.framework in Frameworks */,
			);
			runOnlyForDeploymentPostprocessing = 0;
		};
/* End PBXFrameworksBuildPhase section */

/* Begin PBXGroup section */
		080E96DDFE201D6D7F000001 /* Classes */ = {
			isa = PBXGroup;
			children = (
			);
			name = Classes;
			sourceTree = "<group>";
		};
		1058C7A0FEA54F0111CA2CBB /* Linked Frameworks */ = {
			isa = PBXGroup;
			children = (
				3A2E0EBD114DD93E0050E16D /* BGHUDAppKit.framework */,
				1058C7A1FEA54F0111CA2CBB /* Cocoa.framework */,
				3A004E6D115AF14800906875 /* iTunes.h */,
			);
			name = "Linked Frameworks";
			sourceTree = "<group>";
		};
		1058C7A2FEA54F0111CA2CBB /* Other Frameworks */ = {
			isa = PBXGroup;
			children = (
				3A9D1E4D115C0043008F7EF1 /* Preferences.xib */,
				29B97324FDCFA39411CA2CEA /* AppKit.framework */,
				13E42FB307B3F0F600E4EEF1 /* CoreData.framework */,
				29B97325FDCFA39411CA2CEA /* Foundation.framework */,
				3AEAC2C0115AD3D500286BE4 /* Melative.h */,
				3AEAC2C1115AD3D500286BE4 /* Melative.m */,
				3A6DAA51115B066300695124 /* Melative_ExampleAppDelegate.m */,
				3A6DAA52115B066300695124 /* Melative_ExampleAppDelegate.h */,
				3A7A710F115C2BF100699FAB /* Carbon.framework */,
				3A7A7114115C2C0000699FAB /* Security.framework */,
			);
			name = "Other Frameworks";
			sourceTree = "<group>";
		};
		19C28FACFE9D520D11CA2CBB /* Products */ = {
			isa = PBXGroup;
			children = (
				3A7A6F5F115C1DF100699FAB /* Login.h */,
				3A4D7E8B115C304B005266C2 /* login.tiff */,
				3A7A6F60115C1DF100699FAB /* Login.m */,
				3A7A6F5B115C1DE600699FAB /* Updates.h */,
				3A7A6F5C115C1DE600699FAB /* Updates.m */,
				8D1107320486CEB800E47090 /* MelScrobbleX.app */,
				3A7A6F56115C1DD700699FAB /* MBPreferencesController.m */,
				3A7A6F57115C1DD700699FAB /* MBPreferencesController.h */,
				3A313504114D89E10046D05E /* ASIFormDataRequest.h */,
				3A313505114D89E10046D05E /* ASIFormDataRequest.m */,
				3A313506114D89E10046D05E /* ASIHTTPRequest.h */,
				3A7A70B0115C289C00699FAB /* EMKeychainItem.h */,
				3A7A70B1115C289C00699FAB /* EMKeychainItem.m */,
				3A313507114D89E10046D05E /* ASIHTTPRequest.m */,
				3A313508114D89E10046D05E /* ASIHTTPRequestConfig.h */,
				3A313509114D89E10046D05E /* ASIInputStream.h */,
				3A31350A114D89E10046D05E /* ASIInputStream.m */,
				3A31350B114D89E10046D05E /* ASINetworkQueue.h */,
				3A31350C114D89E10046D05E /* ASINetworkQueue.m */,
				3A31350D114D89E10046D05E /* ASINSStringAdditions.h */,
				3A31350E114D89E10046D05E /* ASINSStringAdditions.m */,
			);
			name = Products;
			sourceTree = "<group>";
		};
		29B97314FDCFA39411CA2CEA /* MelScrobbleX */ = {
			isa = PBXGroup;
			children = (
				3A9D1FA4115C152F008F7EF1 /* Updates.tiff */,
				3AA5F936115AC84400DA616B /* Melative_Example_Prefix.pch */,
				080E96DDFE201D6D7F000001 /* Classes */,
				29B97315FDCFA39411CA2CEA /* Other Sources */,
				29B97317FDCFA39411CA2CEA /* Resources */,
				29B97323FDCFA39411CA2CEA /* Frameworks */,
				19C28FACFE9D520D11CA2CBB /* Products */,
				3A3134F7114D89960046D05E /* libz.1.2.3.dylib */,
				3A3134F9114D89A90046D05E /* CoreServices.framework */,
				3A3134FE114D89BB0046D05E /* SystemConfiguration.framework */,
				3A004E68115AF13800906875 /* ScriptingBridge.framework */,
				3A041A85115B09A900B2D20F /* OmniAppKit.framework */,
				3A041A89115B09B500B2D20F /* OmniBase.framework */,
				3A041A8E115B09C500B2D20F /* OmniFoundation.framework */,
				3A041C1E115B0C6A00B2D20F /* Sparkle.framework */,
				3A7A6F66115C1EA800699FAB /* PreferenceController.h */,
				3A7A6F67115C1EA800699FAB /* PreferenceController.m */,
				3A7A6F7A115C1F1300699FAB /* Login.xib */,
				3A7A6F76115C1F0B00699FAB /* Updates.xib */,
			);
			name = MelScrobbleX;
			sourceTree = "<group>";
		};
		29B97315FDCFA39411CA2CEA /* Other Sources */ = {
			isa = PBXGroup;
			children = (
				29B97316FDCFA39411CA2CEA /* main.m */,
			);
			name = "Other Sources";
			sourceTree = "<group>";
		};
		29B97317FDCFA39411CA2CEA /* Resources */ = {
			isa = PBXGroup;
			children = (
				8D1107310486CEB800E47090 /* Melative_Example-Info.plist */,
				089C165CFE840E0CC02AAC07 /* InfoPlist.strings */,
				1DDD58140DA1D0A300B32029 /* MainMenu.xib */,
			);
			name = Resources;
			sourceTree = "<group>";
		};
		29B97323FDCFA39411CA2CEA /* Frameworks */ = {
			isa = PBXGroup;
			children = (
				1058C7A2FEA54F0111CA2CBB /* Other Frameworks */,
				1058C7A0FEA54F0111CA2CBB /* Linked Frameworks */,
			);
			name = Frameworks;
			sourceTree = "<group>";
		};
/* End PBXGroup section */

/* Begin PBXNativeTarget section */
		8D1107260486CEB800E47090 /* MelScrobbleX */ = {
			isa = PBXNativeTarget;
			buildConfigurationList = C01FCF4A08A954540054247B /* Build configuration list for PBXNativeTarget "MelScrobbleX" */;
			buildPhases = (
				8D1107290486CEB800E47090 /* Resources */,
				8D11072C0486CEB800E47090 /* Sources */,
				8D11072E0486CEB800E47090 /* Frameworks */,
				3A2E0FC0114DD9D00050E16D /* CopyFiles */,
			);
			buildRules = (
			);
			dependencies = (
			);
			name = MelScrobbleX;
			productInstallPath = "$(HOME)/Applications";
			productName = MelScrobbleX;
			productReference = 8D1107320486CEB800E47090 /* MelScrobbleX.app */;
			productType = "com.apple.product-type.application";
		};
/* End PBXNativeTarget section */

/* Begin PBXProject section */
		29B97313FDCFA39411CA2CEA /* Project object */ = {
			isa = PBXProject;
			buildConfigurationList = C01FCF4E08A954540054247B /* Build configuration list for PBXProject "MelScrobbleX" */;
			compatibilityVersion = "Xcode 3.1";
			hasScannedForEncodings = 1;
			mainGroup = 29B97314FDCFA39411CA2CEA /* MelScrobbleX */;
			projectDirPath = "";
			projectRoot = "";
			targets = (
				8D1107260486CEB800E47090 /* MelScrobbleX */,
			);
		};
/* End PBXProject section */

/* Begin PBXResourcesBuildPhase section */
		8D1107290486CEB800E47090 /* Resources */ = {
			isa = PBXResourcesBuildPhase;
			buildActionMask = 2147483647;
			files = (
				8D11072B0486CEB800E47090 /* InfoPlist.strings in Resources */,
				1DDD58160DA1D0A300B32029 /* MainMenu.xib in Resources */,
				3A9D1E4E115C0043008F7EF1 /* Preferences.xib in Resources */,
				3A9D1FA6115C152F008F7EF1 /* Updates.tiff in Resources */,
				3A7A6F77115C1F0B00699FAB /* Updates.xib in Resources */,
				3A7A6F7B115C1F1300699FAB /* Login.xib in Resources */,
				3A4D7E8C115C304B005266C2 /* login.tiff in Resources */,
			);
			runOnlyForDeploymentPostprocessing = 0;
		};
/* End PBXResourcesBuildPhase section */

/* Begin PBXSourcesBuildPhase section */
		8D11072C0486CEB800E47090 /* Sources */ = {
			isa = PBXSourcesBuildPhase;
			buildActionMask = 2147483647;
			files = (
				8D11072D0486CEB800E47090 /* main.m in Sources */,
				3A31350F114D89E10046D05E /* ASIFormDataRequest.m in Sources */,
				3A313510114D89E10046D05E /* ASIHTTPRequest.m in Sources */,
				3A313511114D89E10046D05E /* ASIInputStream.m in Sources */,
				3A313512114D89E10046D05E /* ASINetworkQueue.m in Sources */,
				3A313513114D89E10046D05E /* ASINSStringAdditions.m in Sources */,
				3AEAC2C2115AD3D500286BE4 /* Melative.m in Sources */,
				3A6DAA53115B066300695124 /* Melative_ExampleAppDelegate.m in Sources */,
				3A7A6F58115C1DD700699FAB /* MBPreferencesController.m in Sources */,
				3A7A6F5D115C1DE600699FAB /* Updates.m in Sources */,
				3A7A6F61115C1DF100699FAB /* Login.m in Sources */,
				3A7A6F68115C1EA800699FAB /* PreferenceController.m in Sources */,
				3A7A70B2115C289C00699FAB /* EMKeychainItem.m in Sources */,
			);
			runOnlyForDeploymentPostprocessing = 0;
		};
/* End PBXSourcesBuildPhase section */

/* Begin PBXVariantGroup section */
		089C165CFE840E0CC02AAC07 /* InfoPlist.strings */ = {
			isa = PBXVariantGroup;
			children = (
				089C165DFE840E0CC02AAC07 /* English */,
			);
			name = InfoPlist.strings;
			sourceTree = "<group>";
		};
		1DDD58140DA1D0A300B32029 /* MainMenu.xib */ = {
			isa = PBXVariantGroup;
			children = (
				1DDD58150DA1D0A300B32029 /* English */,
			);
			name = MainMenu.xib;
			sourceTree = "<group>";
		};
/* End PBXVariantGroup section */

/* Begin XCBuildConfiguration section */
		C01FCF4B08A954540054247B /* Debug */ = {
			isa = XCBuildConfiguration;
			buildSettings = {
				ALWAYS_SEARCH_USER_PATHS = NO;
				COPY_PHASE_STRIP = NO;
				FRAMEWORK_SEARCH_PATHS = (
					"$(inherited)",
					"\"$(SRCROOT)/../../BGHUDAppKit/build/Release\"",
					"\"$(SRCROOT)\"",
					"\"$(SRCROOT)/../../../../Shared/tohnominagi/InstalledProducts\"",
				);
				GCC_DYNAMIC_NO_PIC = NO;
				GCC_ENABLE_FIX_AND_CONTINUE = YES;
				GCC_MODEL_TUNING = G5;
				GCC_OPTIMIZATION_LEVEL = 0;
				GCC_PRECOMPILE_PREFIX_HEADER = YES;
				GCC_PREFIX_HEADER = Melative_Example_Prefix.pch;
				INFOPLIST_FILE = "Melative_Example-Info.plist";
				INSTALL_PATH = "$(HOME)/Applications";
				PRODUCT_NAME = MelScrobbleX;
			};
			name = Debug;
		};
		C01FCF4C08A954540054247B /* Release */ = {
			isa = XCBuildConfiguration;
			buildSettings = {
				ALWAYS_SEARCH_USER_PATHS = NO;
				DEBUG_INFORMATION_FORMAT = "dwarf-with-dsym";
				FRAMEWORK_SEARCH_PATHS = (
					"$(inherited)",
					"\"$(SRCROOT)/../../BGHUDAppKit/build/Release\"",
					"\"$(SRCROOT)\"",
					"\"$(SRCROOT)/../../../../Shared/tohnominagi/InstalledProducts\"",
				);
				GCC_MODEL_TUNING = G5;
				GCC_PRECOMPILE_PREFIX_HEADER = YES;
				GCC_PREFIX_HEADER = Melative_Example_Prefix.pch;
				INFOPLIST_FILE = "Melative_Example-Info.plist";
				INSTALL_PATH = "$(HOME)/Applications";
				PRODUCT_NAME = MelScrobbleX;
			};
			name = Release;
		};
		C01FCF4F08A954540054247B /* Debug */ = {
			isa = XCBuildConfiguration;
			buildSettings = {
				ARCHS = "$(ARCHS_STANDARD_32_BIT)";
				GCC_C_LANGUAGE_STANDARD = gnu99;
				GCC_ENABLE_OBJC_GC = unsupported;
				GCC_OPTIMIZATION_LEVEL = 0;
				GCC_WARN_ABOUT_RETURN_TYPE = YES;
				GCC_WARN_UNUSED_VARIABLE = YES;
				ONLY_ACTIVE_ARCH = NO;
				PREBINDING = NO;
				SDKROOT = macosx10.5;
				VALID_ARCHS = "i386 ppc ppc64 ppc7400 ppc970";
			};
			name = Debug;
		};
		C01FCF5008A954540054247B /* Release */ = {
			isa = XCBuildConfiguration;
			buildSettings = {
				ARCHS = "$(ARCHS_STANDARD_32_BIT)";
				GCC_C_LANGUAGE_STANDARD = gnu99;
				GCC_ENABLE_OBJC_GC = unsupported;
				GCC_WARN_ABOUT_RETURN_TYPE = YES;
				GCC_WARN_UNUSED_VARIABLE = YES;
				ONLY_ACTIVE_ARCH = NO;
				PREBINDING = NO;
				SDKROOT = macosx10.5;
				VALID_ARCHS = "i386 ppc ppc64 ppc7400 ppc970";
			};
			name = Release;
		};
/* End XCBuildConfiguration section */

/* Begin XCConfigurationList section */
		C01FCF4A08A954540054247B /* Build configuration list for PBXNativeTarget "MelScrobbleX" */ = {
			isa = XCConfigurationList;
			buildConfigurations = (
				C01FCF4B08A954540054247B /* Debug */,
				C01FCF4C08A954540054247B /* Release */,
			);
			defaultConfigurationIsVisible = 0;
			defaultConfigurationName = Release;
		};
		C01FCF4E08A954540054247B /* Build configuration list for PBXProject "MelScrobbleX" */ = {
			isa = XCConfigurationList;
			buildConfigurations = (
				C01FCF4F08A954540054247B /* Debug */,
				C01FCF5008A954540054247B /* Release */,
			);
			defaultConfigurationIsVisible = 0;
			defaultConfigurationName = Release;
		};
/* End XCConfigurationList section */
	};
	rootObject = 29B97313FDCFA39411CA2CEA /* Project object */;
}
